
Microsoft Visual Studio Solution File, Format Version 12.00
# Visual Studio Version 16
VisualStudioVersion = 16.0.31313.79
MinimumVisualStudioVersion = 10.0.40219.1
Project("{2150E333-8FDC-42A3-9474-1A3956D46DE8}") = "creational", "creational", "{B2B58E3A-45D7-4599-BF8E-1A9961994351}"
EndProject
Project("{2150E333-8FDC-42A3-9474-1A3956D46DE8}") = "singleton", "singleton", "{5017C6A3-BECB-4B70-A0EB-2BC529636D36}"
EndProject
Project("{FAE04EC0-301F-11D3-BF4B-00C04F79EFBC}") = "singleton", "singleton\singleton.csproj", "{4FA91F18-E6FC-4BD1-B52E-8808A85650AF}"
EndProject
Global
	GlobalSection(SolutionConfigurationPlatforms) = preSolution
		Debug|Any CPU = Debug|Any CPU
		Release|Any CPU = Release|Any CPU
	EndGlobalSection
	GlobalSection(ProjectConfigurationPlatforms) = postSolution
		{4FA91F18-E6FC-4BD1-B52E-8808A85650AF}.Debug|Any CPU.ActiveCfg = Debug|Any CPU
		{4FA91F18-E6FC-4BD1-B52E-8808A85650AF}.Debug|Any CPU.Build.0 = Debug|Any CPU
		{4FA91F18-E6FC-4BD1-B52E-8808A85650AF}.Release|Any CPU.ActiveCfg = Release|Any CPU
		{4FA91F18-E6FC-4BD1-B52E-8808A85650AF}.Release|Any CPU.Build.0 = Release|Any CPU
	EndGlobalSection
	GlobalSection(SolutionProperties) = preSolution
		HideSolutionNode = FALSE
	EndGlobalSection
	GlobalSection(NestedProjects) = preSolution
		{5017C6A3-BECB-4B70-A0EB-2BC529636D36} = {B2B58E3A-45D7-4599-BF8E-1A9961994351}
		{4FA91F18-E6FC-4BD1-B52E-8808A85650AF} = {5017C6A3-BECB-4B70-A0EB-2BC529636D36}
	EndGlobalSection
	GlobalSection(ExtensibilityGlobals) = postSolution
		SolutionGuid = {F05734F1-193A-4D1E-B33A-6A9AF7B178E0}
	EndGlobalSection
EndGlobal
