
Microsoft Visual Studio Solution File, Format Version 12.00
# Visual Studio Version 16
VisualStudioVersion = 16.0.31313.79
MinimumVisualStudioVersion = 10.0.40219.1
Project("{2150E333-8FDC-42A3-9474-1A3956D46DE8}") = "creational", "creational", "{B2B58E3A-45D7-4599-BF8E-1A9961994351}"
EndProject
Project("{2150E333-8FDC-42A3-9474-1A3956D46DE8}") = "singleton", "singleton", "{5017C6A3-BECB-4B70-A0EB-2BC529636D36}"
EndProject
Project("{FAE04EC0-301F-11D3-BF4B-00C04F79EFBC}") = "singleton", "singleton\singleton.csproj", "{4FA91F18-E6FC-4BD1-B52E-8808A85650AF}"
EndProject
Project("{FAE04EC0-301F-11D3-BF4B-00C04F79EFBC}") = "Builder", "Builder\Builder.csproj", "{674A348E-EA4D-4AFC-BA54-D660A8A752F6}"
EndProject
Project("{FAE04EC0-301F-11D3-BF4B-00C04F79EFBC}") = "factory", "factory\factory.csproj", "{02FF9FFE-E1BD-4F58-AC6E-9F47F51D2B0F}"
EndProject
Project("{FAE04EC0-301F-11D3-BF4B-00C04F79EFBC}") = "factory-method", "factory-method\factory-method.csproj", "{89EBC9CC-762C-4871-A1A6-A5100D030BA6}"
EndProject
Global
	GlobalSection(SolutionConfigurationPlatforms) = preSolution
		Debug|Any CPU = Debug|Any CPU
		Release|Any CPU = Release|Any CPU
	EndGlobalSection
	GlobalSection(ProjectConfigurationPlatforms) = postSolution
		{4FA91F18-E6FC-4BD1-B52E-8808A85650AF}.Debug|Any CPU.ActiveCfg = Debug|Any CPU
		{4FA91F18-E6FC-4BD1-B52E-8808A85650AF}.Debug|Any CPU.Build.0 = Debug|Any CPU
		{4FA91F18-E6FC-4BD1-B52E-8808A85650AF}.Release|Any CPU.ActiveCfg = Release|Any CPU
		{4FA91F18-E6FC-4BD1-B52E-8808A85650AF}.Release|Any CPU.Build.0 = Release|Any CPU
		{674A348E-EA4D-4AFC-BA54-D660A8A752F6}.Debug|Any CPU.ActiveCfg = Debug|Any CPU
		{674A348E-EA4D-4AFC-BA54-D660A8A752F6}.Debug|Any CPU.Build.0 = Debug|Any CPU
		{674A348E-EA4D-4AFC-BA54-D660A8A752F6}.Release|Any CPU.ActiveCfg = Release|Any CPU
		{674A348E-EA4D-4AFC-BA54-D660A8A752F6}.Release|Any CPU.Build.0 = Release|Any CPU
		{02FF9FFE-E1BD-4F58-AC6E-9F47F51D2B0F}.Debug|Any CPU.ActiveCfg = Debug|Any CPU
		{02FF9FFE-E1BD-4F58-AC6E-9F47F51D2B0F}.Debug|Any CPU.Build.0 = Debug|Any CPU
		{02FF9FFE-E1BD-4F58-AC6E-9F47F51D2B0F}.Release|Any CPU.ActiveCfg = Release|Any CPU
		{02FF9FFE-E1BD-4F58-AC6E-9F47F51D2B0F}.Release|Any CPU.Build.0 = Release|Any CPU
		{89EBC9CC-762C-4871-A1A6-A5100D030BA6}.Debug|Any CPU.ActiveCfg = Debug|Any CPU
		{89EBC9CC-762C-4871-A1A6-A5100D030BA6}.Debug|Any CPU.Build.0 = Debug|Any CPU
		{89EBC9CC-762C-4871-A1A6-A5100D030BA6}.Release|Any CPU.ActiveCfg = Release|Any CPU
		{89EBC9CC-762C-4871-A1A6-A5100D030BA6}.Release|Any CPU.Build.0 = Release|Any CPU
	EndGlobalSection
	GlobalSection(SolutionProperties) = preSolution
		HideSolutionNode = FALSE
	EndGlobalSection
	GlobalSection(NestedProjects) = preSolution
		{5017C6A3-BECB-4B70-A0EB-2BC529636D36} = {B2B58E3A-45D7-4599-BF8E-1A9961994351}
		{4FA91F18-E6FC-4BD1-B52E-8808A85650AF} = {5017C6A3-BECB-4B70-A0EB-2BC529636D36}
		{674A348E-EA4D-4AFC-BA54-D660A8A752F6} = {B2B58E3A-45D7-4599-BF8E-1A9961994351}
		{02FF9FFE-E1BD-4F58-AC6E-9F47F51D2B0F} = {B2B58E3A-45D7-4599-BF8E-1A9961994351}
		{89EBC9CC-762C-4871-A1A6-A5100D030BA6} = {B2B58E3A-45D7-4599-BF8E-1A9961994351}
	EndGlobalSection
	GlobalSection(ExtensibilityGlobals) = postSolution
		SolutionGuid = {F05734F1-193A-4D1E-B33A-6A9AF7B178E0}
	EndGlobalSection
EndGlobal
